// !$*UTF8*$!
{
	archiveVersion = 1;
	classes = {
	};
	objectVersion = 50;
	objects = {

/* Begin PBXBuildFile section */
		D419371224AD39E500D6D766 /* Package_B.swift in Sources */ = {isa = PBXBuildFile; fileRef = D4DDFED724AD185C00F29592 /* Package_B.swift */; };
		D419371424AD3AE800D6D766 /* Package_BTests.swift in Sources */ = {isa = PBXBuildFile; fileRef = D4DDFEDF24AD187E00F29592 /* Package_BTests.swift */; };
		D419371524AD3AEC00D6D766 /* Package_B.swift in Sources */ = {isa = PBXBuildFile; fileRef = D4DDFED724AD185C00F29592 /* Package_B.swift */; };
		D456777B24AF83D8003F132F /* libPackage_B.a in Frameworks */ = {isa = PBXBuildFile; fileRef = D419370824AD39BD00D6D766 /* libPackage_B.a */; };
/* End PBXBuildFile section */

/* Begin PBXContainerItemProxy section */
		D456777C24AF83E1003F132F /* PBXContainerItemProxy */ = {
			isa = PBXContainerItemProxy;
			containerPortal = D4777E6524AD17EB000A7F27 /* Project object */;
			proxyType = 1;
			remoteGlobalIDString = D419370724AD39BD00D6D766;
			remoteInfo = Package_B;
		};
/* End PBXContainerItemProxy section */

/* Begin PBXFileReference section */
		D419370824AD39BD00D6D766 /* libPackage_B.a */ = {isa = PBXFileReference; explicitFileType = archive.ar; includeInIndex = 0; path = libPackage_B.a; sourceTree = BUILT_PRODUCTS_DIR; };
		D4DDFED724AD185C00F29592 /* Package_B.swift */ = {isa = PBXFileReference; fileEncoding = 4; lastKnownFileType = sourcecode.swift; path = Package_B.swift; sourceTree = "<group>"; };
		D4DDFEDD24AD187E00F29592 /* Package_BTests.xctest */ = {isa = PBXFileReference; explicitFileType = wrapper.cfbundle; includeInIndex = 0; path = Package_BTests.xctest; sourceTree = BUILT_PRODUCTS_DIR; };
		D4DDFEDF24AD187E00F29592 /* Package_BTests.swift */ = {isa = PBXFileReference; lastKnownFileType = sourcecode.swift; path = Package_BTests.swift; sourceTree = "<group>"; };
		D4DDFEE124AD187E00F29592 /* Info.plist */ = {isa = PBXFileReference; lastKnownFileType = text.plist.xml; path = Info.plist; sourceTree = "<group>"; };
		D4DDFEE624AD191E00F29592 /* Package.swift */ = {isa = PBXFileReference; lastKnownFileType = sourcecode.swift; path = Package.swift; sourceTree = "<group>"; };
		D4DDFEE724AD191E00F29592 /* README.md */ = {isa = PBXFileReference; lastKnownFileType = net.daringfireball.markdown; path = README.md; sourceTree = "<group>"; };
		D4DDFF0124AD1B7C00F29592 /* Info.plist */ = {isa = PBXFileReference; lastKnownFileType = text.plist.xml; path = Info.plist; sourceTree = "<group>"; };
/* End PBXFileReference section */

/* Begin PBXFrameworksBuildPhase section */
		D419370624AD39BD00D6D766 /* Frameworks */ = {
			isa = PBXFrameworksBuildPhase;
			buildActionMask = 2147483647;
			files = (
			);
			runOnlyForDeploymentPostprocessing = 0;
		};
		D4DDFEDA24AD187E00F29592 /* Frameworks */ = {
			isa = PBXFrameworksBuildPhase;
			buildActionMask = 2147483647;
			files = (
				D456777B24AF83D8003F132F /* libPackage_B.a in Frameworks */,
			);
			runOnlyForDeploymentPostprocessing = 0;
		};
/* End PBXFrameworksBuildPhase section */

/* Begin PBXGroup section */
		D4777E6424AD17EB000A7F27 = {
			isa = PBXGroup;
			children = (
				D4DDFEE724AD191E00F29592 /* README.md */,
				D4DDFEE624AD191E00F29592 /* Package.swift */,
				D4DDFF0124AD1B7C00F29592 /* Info.plist */,
				D4777E7724AD17FE000A7F27 /* Sources */,
				D4DDFEE524AD189600F29592 /* Tests */,
				D4777E6E24AD17EB000A7F27 /* Products */,
			);
			sourceTree = "<group>";
		};
		D4777E6E24AD17EB000A7F27 /* Products */ = {
			isa = PBXGroup;
			children = (
				D4DDFEDD24AD187E00F29592 /* Package_BTests.xctest */,
				D419370824AD39BD00D6D766 /* libPackage_B.a */,
			);
			name = Products;
			sourceTree = "<group>";
		};
		D4777E6F24AD17EB000A7F27 /* Package_B */ = {
			isa = PBXGroup;
			children = (
				D4DDFED724AD185C00F29592 /* Package_B.swift */,
			);
			path = Package_B;
			sourceTree = "<group>";
		};
		D4777E7724AD17FE000A7F27 /* Sources */ = {
			isa = PBXGroup;
			children = (
				D4777E6F24AD17EB000A7F27 /* Package_B */,
			);
			path = Sources;
			sourceTree = "<group>";
		};
		D4DDFEDE24AD187E00F29592 /* Package_BTests */ = {
			isa = PBXGroup;
			children = (
				D4DDFEDF24AD187E00F29592 /* Package_BTests.swift */,
			);
			path = Package_BTests;
			sourceTree = "<group>";
		};
		D4DDFEE524AD189600F29592 /* Tests */ = {
			isa = PBXGroup;
			children = (
				D4DDFEE124AD187E00F29592 /* Info.plist */,
				D4DDFEDE24AD187E00F29592 /* Package_BTests */,
			);
			path = Tests;
			sourceTree = "<group>";
		};
/* End PBXGroup section */

/* Begin PBXNativeTarget section */
		D419370724AD39BD00D6D766 /* Package_B */ = {
			isa = PBXNativeTarget;
			buildConfigurationList = D419371024AD39BD00D6D766 /* Build configuration list for PBXNativeTarget "Package_B" */;
			buildPhases = (
				D419370524AD39BD00D6D766 /* Sources */,
				D419370624AD39BD00D6D766 /* Frameworks */,
			);
			buildRules = (
			);
			dependencies = (
			);
			name = Package_B;
			packageProductDependencies = (
			);
			productName = Product_A;
			productReference = D419370824AD39BD00D6D766 /* libPackage_B.a */;
			productType = "com.apple.product-type.library.static";
		};
		D4DDFEDC24AD187E00F29592 /* Package_BTests */ = {
			isa = PBXNativeTarget;
			buildConfigurationList = D4DDFEE224AD187E00F29592 /* Build configuration list for PBXNativeTarget "Package_BTests" */;
			buildPhases = (
				D4DDFED924AD187E00F29592 /* Sources */,
				D4DDFEDA24AD187E00F29592 /* Frameworks */,
			);
			buildRules = (
			);
			dependencies = (
				D456777D24AF83E1003F132F /* PBXTargetDependency */,
			);
			name = Package_BTests;
			productName = Package_ATests;
			productReference = D4DDFEDD24AD187E00F29592 /* Package_BTests.xctest */;
			productType = "com.apple.product-type.bundle.unit-test";
		};
/* End PBXNativeTarget section */

/* Begin PBXProject section */
		D4777E6524AD17EB000A7F27 /* Project object */ = {
			isa = PBXProject;
			attributes = {
				LastSwiftUpdateCheck = 1150;
				LastUpgradeCheck = 1150;
				ORGANIZATIONNAME = "Little Green Viper Software Development LLC";
				TargetAttributes = {
					D419370724AD39BD00D6D766 = {
						CreatedOnToolsVersion = 11.5;
					};
					D4DDFEDC24AD187E00F29592 = {
						CreatedOnToolsVersion = 11.5;
					};
				};
			};
			buildConfigurationList = D4777E6824AD17EB000A7F27 /* Build configuration list for PBXProject "Package_B" */;
			compatibilityVersion = "Xcode 9.3";
			developmentRegion = en;
			hasScannedForEncodings = 0;
			knownRegions = (
				en,
				Base,
			);
			mainGroup = D4777E6424AD17EB000A7F27;
			packageReferences = (
			);
			productRefGroup = D4777E6E24AD17EB000A7F27 /* Products */;
			projectDirPath = "";
			projectRoot = "";
			targets = (
				D419370724AD39BD00D6D766 /* Package_B */,
				D4DDFEDC24AD187E00F29592 /* Package_BTests */,
			);
		};
/* End PBXProject section */

/* Begin PBXSourcesBuildPhase section */
		D419370524AD39BD00D6D766 /* Sources */ = {
			isa = PBXSourcesBuildPhase;
			buildActionMask = 2147483647;
			files = (
				D419371224AD39E500D6D766 /* Package_B.swift in Sources */,
			);
			runOnlyForDeploymentPostprocessing = 0;
		};
		D4DDFED924AD187E00F29592 /* Sources */ = {
			isa = PBXSourcesBuildPhase;
			buildActionMask = 2147483647;
			files = (
				D419371524AD3AEC00D6D766 /* Package_B.swift in Sources */,
				D419371424AD3AE800D6D766 /* Package_BTests.swift in Sources */,
			);
			runOnlyForDeploymentPostprocessing = 0;
		};
/* End PBXSourcesBuildPhase section */

/* Begin PBXTargetDependency section */
		D456777D24AF83E1003F132F /* PBXTargetDependency */ = {
			isa = PBXTargetDependency;
			target = D419370724AD39BD00D6D766 /* Package_B */;
			targetProxy = D456777C24AF83E1003F132F /* PBXContainerItemProxy */;
		};
/* End PBXTargetDependency section */

/* Begin XCBuildConfiguration section */
		D419370E24AD39BD00D6D766 /* Debug */ = {
			isa = XCBuildConfiguration;
			buildSettings = {
				CODE_SIGN_STYLE = Automatic;
				DEVELOPMENT_TEAM = P53V4JS928;
				EXECUTABLE_PREFIX = lib;
				PRODUCT_NAME = "$(TARGET_NAME)";
				SKIP_INSTALL = YES;
				SWIFT_VERSION = 5.0;
			};
			name = Debug;
		};
		D419370F24AD39BD00D6D766 /* Release */ = {
			isa = XCBuildConfiguration;
			buildSettings = {
				CODE_SIGN_STYLE = Automatic;
				DEVELOPMENT_TEAM = P53V4JS928;
				EXECUTABLE_PREFIX = lib;
				PRODUCT_NAME = "$(TARGET_NAME)";
				SKIP_INSTALL = YES;
				SWIFT_VERSION = 5.0;
			};
			name = Release;
		};
		D4777E7224AD17EB000A7F27 /* Debug */ = {
			isa = XCBuildConfiguration;
			buildSettings = {
				ALWAYS_SEARCH_USER_PATHS = NO;
				CLANG_ANALYZER_NONNULL = YES;
				CLANG_ANALYZER_NUMBER_OBJECT_CONVERSION = YES_AGGRESSIVE;
				CLANG_CXX_LANGUAGE_STANDARD = "gnu++14";
				CLANG_CXX_LIBRARY = "libc++";
				CLANG_ENABLE_MODULES = YES;
				CLANG_ENABLE_OBJC_ARC = YES;
				CLANG_ENABLE_OBJC_WEAK = YES;
				CLANG_WARN_BLOCK_CAPTURE_AUTORELEASING = YES;
				CLANG_WARN_BOOL_CONVERSION = YES;
				CLANG_WARN_COMMA = YES;
				CLANG_WARN_CONSTANT_CONVERSION = YES;
				CLANG_WARN_DEPRECATED_OBJC_IMPLEMENTATIONS = YES;
				CLANG_WARN_DIRECT_OBJC_ISA_USAGE = YES_ERROR;
				CLANG_WARN_DOCUMENTATION_COMMENTS = YES;
				CLANG_WARN_EMPTY_BODY = YES;
				CLANG_WARN_ENUM_CONVERSION = YES;
				CLANG_WARN_INFINITE_RECURSION = YES;
				CLANG_WARN_INT_CONVERSION = YES;
				CLANG_WARN_NON_LITERAL_NULL_CONVERSION = YES;
				CLANG_WARN_OBJC_IMPLICIT_RETAIN_SELF = YES;
				CLANG_WARN_OBJC_LITERAL_CONVERSION = YES;
				CLANG_WARN_OBJC_ROOT_CLASS = YES_ERROR;
				CLANG_WARN_RANGE_LOOP_ANALYSIS = YES;
				CLANG_WARN_STRICT_PROTOTYPES = YES;
				CLANG_WARN_SUSPICIOUS_MOVE = YES;
				CLANG_WARN_UNGUARDED_AVAILABILITY = YES_AGGRESSIVE;
				CLANG_WARN_UNREACHABLE_CODE = YES;
				CLANG_WARN__DUPLICATE_METHOD_MATCH = YES;
				COPY_PHASE_STRIP = NO;
				DEBUG_INFORMATION_FORMAT = dwarf;
				ENABLE_STRICT_OBJC_MSGSEND = YES;
				ENABLE_TESTABILITY = YES;
				GCC_C_LANGUAGE_STANDARD = gnu11;
				GCC_DYNAMIC_NO_PIC = NO;
				GCC_NO_COMMON_BLOCKS = YES;
				GCC_OPTIMIZATION_LEVEL = 0;
				GCC_PREPROCESSOR_DEFINITIONS = (
					"DEBUG=1",
					"$(inherited)",
				);
				GCC_WARN_64_TO_32_BIT_CONVERSION = YES;
				GCC_WARN_ABOUT_RETURN_TYPE = YES_ERROR;
				GCC_WARN_UNDECLARED_SELECTOR = YES;
				GCC_WARN_UNINITIALIZED_AUTOS = YES_AGGRESSIVE;
				GCC_WARN_UNUSED_FUNCTION = YES;
				GCC_WARN_UNUSED_VARIABLE = YES;
				MACOSX_DEPLOYMENT_TARGET = 10.15;
				MTL_ENABLE_DEBUG_INFO = INCLUDE_SOURCE;
				MTL_FAST_MATH = YES;
				ONLY_ACTIVE_ARCH = YES;
				SDKROOT = macosx;
				SWIFT_ACTIVE_COMPILATION_CONDITIONS = DEBUG;
				SWIFT_OPTIMIZATION_LEVEL = "-Onone";
			};
			name = Debug;
		};
		D4777E7324AD17EB000A7F27 /* Release */ = {
			isa = XCBuildConfiguration;
			buildSettings = {
				ALWAYS_SEARCH_USER_PATHS = NO;
				CLANG_ANALYZER_NONNULL = YES;
				CLANG_ANALYZER_NUMBER_OBJECT_CONVERSION = YES_AGGRESSIVE;
				CLANG_CXX_LANGUAGE_STANDARD = "gnu++14";
				CLANG_CXX_LIBRARY = "libc++";
				CLANG_ENABLE_MODULES = YES;
				CLANG_ENABLE_OBJC_ARC = YES;
				CLANG_ENABLE_OBJC_WEAK = YES;
				CLANG_WARN_BLOCK_CAPTURE_AUTORELEASING = YES;
				CLANG_WARN_BOOL_CONVERSION = YES;
				CLANG_WARN_COMMA = YES;
				CLANG_WARN_CONSTANT_CONVERSION = YES;
				CLANG_WARN_DEPRECATED_OBJC_IMPLEMENTATIONS = YES;
				CLANG_WARN_DIRECT_OBJC_ISA_USAGE = YES_ERROR;
				CLANG_WARN_DOCUMENTATION_COMMENTS = YES;
				CLANG_WARN_EMPTY_BODY = YES;
				CLANG_WARN_ENUM_CONVERSION = YES;
				CLANG_WARN_INFINITE_RECURSION = YES;
				CLANG_WARN_INT_CONVERSION = YES;
				CLANG_WARN_NON_LITERAL_NULL_CONVERSION = YES;
				CLANG_WARN_OBJC_IMPLICIT_RETAIN_SELF = YES;
				CLANG_WARN_OBJC_LITERAL_CONVERSION = YES;
				CLANG_WARN_OBJC_ROOT_CLASS = YES_ERROR;
				CLANG_WARN_RANGE_LOOP_ANALYSIS = YES;
				CLANG_WARN_STRICT_PROTOTYPES = YES;
				CLANG_WARN_SUSPICIOUS_MOVE = YES;
				CLANG_WARN_UNGUARDED_AVAILABILITY = YES_AGGRESSIVE;
				CLANG_WARN_UNREACHABLE_CODE = YES;
				CLANG_WARN__DUPLICATE_METHOD_MATCH = YES;
				COPY_PHASE_STRIP = NO;
				DEBUG_INFORMATION_FORMAT = "dwarf-with-dsym";
				ENABLE_NS_ASSERTIONS = NO;
				ENABLE_STRICT_OBJC_MSGSEND = YES;
				GCC_C_LANGUAGE_STANDARD = gnu11;
				GCC_NO_COMMON_BLOCKS = YES;
				GCC_WARN_64_TO_32_BIT_CONVERSION = YES;
				GCC_WARN_ABOUT_RETURN_TYPE = YES_ERROR;
				GCC_WARN_UNDECLARED_SELECTOR = YES;
				GCC_WARN_UNINITIALIZED_AUTOS = YES_AGGRESSIVE;
				GCC_WARN_UNUSED_FUNCTION = YES;
				GCC_WARN_UNUSED_VARIABLE = YES;
				MACOSX_DEPLOYMENT_TARGET = 10.15;
				MTL_ENABLE_DEBUG_INFO = NO;
				MTL_FAST_MATH = YES;
				SDKROOT = macosx;
				SWIFT_COMPILATION_MODE = wholemodule;
				SWIFT_OPTIMIZATION_LEVEL = "-O";
			};
			name = Release;
		};
		D4DDFEE324AD187E00F29592 /* Debug */ = {
			isa = XCBuildConfiguration;
			buildSettings = {
				CODE_SIGN_STYLE = Automatic;
				COMBINE_HIDPI_IMAGES = YES;
				DEVELOPMENT_TEAM = P53V4JS928;
				INFOPLIST_FILE = Tests/Info.plist;
				LD_RUNPATH_SEARCH_PATHS = (
					"$(inherited)",
					"@executable_path/../Frameworks",
					"@loader_path/../Frameworks",
				);
				PRODUCT_BUNDLE_IDENTIFIER = "com.littlegreenviper.Package-BTests";
				PRODUCT_NAME = "$(TARGET_NAME)";
				SWIFT_VERSION = 5.0;
			};
			name = Debug;
		};
		D4DDFEE424AD187E00F29592 /* Release */ = {
			isa = XCBuildConfiguration;
			buildSettings = {
				CODE_SIGN_STYLE = Automatic;
				COMBINE_HIDPI_IMAGES = YES;
				DEVELOPMENT_TEAM = P53V4JS928;
				INFOPLIST_FILE = Tests/Info.plist;
				LD_RUNPATH_SEARCH_PATHS = (
					"$(inherited)",
					"@executable_path/../Frameworks",
					"@loader_path/../Frameworks",
				);
				PRODUCT_BUNDLE_IDENTIFIER = "com.littlegreenviper.Package-BTests";
				PRODUCT_NAME = "$(TARGET_NAME)";
				SWIFT_VERSION = 5.0;
			};
			name = Release;
		};
/* End XCBuildConfiguration section */

/* Begin XCConfigurationList section */
		D419371024AD39BD00D6D766 /* Build configuration list for PBXNativeTarget "Package_B" */ = {
			isa = XCConfigurationList;
			buildConfigurations = (
				D419370E24AD39BD00D6D766 /* Debug */,
				D419370F24AD39BD00D6D766 /* Release */,
			);
			defaultConfigurationIsVisible = 0;
			defaultConfigurationName = Release;
		};
		D4777E6824AD17EB000A7F27 /* Build configuration list for PBXProject "Package_B" */ = {
			isa = XCConfigurationList;
			buildConfigurations = (
				D4777E7224AD17EB000A7F27 /* Debug */,
				D4777E7324AD17EB000A7F27 /* Release */,
			);
			defaultConfigurationIsVisible = 0;
			defaultConfigurationName = Release;
		};
		D4DDFEE224AD187E00F29592 /* Build configuration list for PBXNativeTarget "Package_BTests" */ = {
			isa = XCConfigurationList;
			buildConfigurations = (
				D4DDFEE324AD187E00F29592 /* Debug */,
				D4DDFEE424AD187E00F29592 /* Release */,
			);
			defaultConfigurationIsVisible = 0;
			defaultConfigurationName = Release;
		};
/* End XCConfigurationList section */
	};
	rootObject = D4777E6524AD17EB000A7F27 /* Project object */;
}
